
Microsoft Visual Studio Solution File, Format Version 12.00
# Visual Studio Version 17
VisualStudioVersion = 17.1.32421.90
MinimumVisualStudioVersion = 10.0.40219.1
Project("{FAE04EC0-301F-11D3-BF4B-00C04F79EFBC}") = "UncleBros.UWP", "UncleBros\UncleBros.UWP\UncleBros.UWP.csproj", "{A373A883-7D43-4101-A1F6-727FACB7FBA3}"
EndProject
Project("{FAE04EC0-301F-11D3-BF4B-00C04F79EFBC}") = "UncleBros.Android", "UncleBros\UncleBros.Android\UncleBros.Android.csproj", "{CEAB8568-0E7B-414F-97FD-2D1716BB3D6A}"
EndProject
Project("{FAE04EC0-301F-11D3-BF4B-00C04F79EFBC}") = "UncleBros.iOS", "UncleBros\UncleBros.iOS\UncleBros.iOS.csproj", "{FE3041A4-9616-4A4D-B8EF-012950201458}"
EndProject
Project("{FAE04EC0-301F-11D3-BF4B-00C04F79EFBC}") = "UncleBros", "UncleBros\UncleBros\UncleBros.csproj", "{D7978CA7-7B54-42E5-A818-8B3F33314ACE}"
EndProject
Global
	GlobalSection(SolutionConfigurationPlatforms) = preSolution
		Debug|Any CPU = Debug|Any CPU
		Debug|ARM = Debug|ARM
		Debug|iPhone = Debug|iPhone
		Debug|iPhoneSimulator = Debug|iPhoneSimulator
		Debug|x64 = Debug|x64
		Debug|x86 = Debug|x86
		Release|Any CPU = Release|Any CPU
		Release|ARM = Release|ARM
		Release|iPhone = Release|iPhone
		Release|iPhoneSimulator = Release|iPhoneSimulator
		Release|x64 = Release|x64
		Release|x86 = Release|x86
	EndGlobalSection
	GlobalSection(ProjectConfigurationPlatforms) = postSolution
		{A373A883-7D43-4101-A1F6-727FACB7FBA3}.Debug|Any CPU.ActiveCfg = Debug|x64
		{A373A883-7D43-4101-A1F6-727FACB7FBA3}.Debug|Any CPU.Build.0 = Debug|x64
		{A373A883-7D43-4101-A1F6-727FACB7FBA3}.Debug|Any CPU.Deploy.0 = Debug|x64
		{A373A883-7D43-4101-A1F6-727FACB7FBA3}.Debug|ARM.ActiveCfg = Debug|ARM
		{A373A883-7D43-4101-A1F6-727FACB7FBA3}.Debug|ARM.Build.0 = Debug|ARM
		{A373A883-7D43-4101-A1F6-727FACB7FBA3}.Debug|ARM.Deploy.0 = Debug|ARM
		{A373A883-7D43-4101-A1F6-727FACB7FBA3}.Debug|iPhone.ActiveCfg = Debug|x64
		{A373A883-7D43-4101-A1F6-727FACB7FBA3}.Debug|iPhone.Build.0 = Debug|x64
		{A373A883-7D43-4101-A1F6-727FACB7FBA3}.Debug|iPhone.Deploy.0 = Debug|x64
		{A373A883-7D43-4101-A1F6-727FACB7FBA3}.Debug|iPhoneSimulator.ActiveCfg = Debug|x64
		{A373A883-7D43-4101-A1F6-727FACB7FBA3}.Debug|iPhoneSimulator.Build.0 = Debug|x64
		{A373A883-7D43-4101-A1F6-727FACB7FBA3}.Debug|iPhoneSimulator.Deploy.0 = Debug|x64
		{A373A883-7D43-4101-A1F6-727FACB7FBA3}.Debug|x64.ActiveCfg = Debug|x64
		{A373A883-7D43-4101-A1F6-727FACB7FBA3}.Debug|x64.Build.0 = Debug|x64
		{A373A883-7D43-4101-A1F6-727FACB7FBA3}.Debug|x64.Deploy.0 = Debug|x64
		{A373A883-7D43-4101-A1F6-727FACB7FBA3}.Debug|x86.ActiveCfg = Debug|x86
		{A373A883-7D43-4101-A1F6-727FACB7FBA3}.Debug|x86.Build.0 = Debug|x86
		{A373A883-7D43-4101-A1F6-727FACB7FBA3}.Debug|x86.Deploy.0 = Debug|x86
		{A373A883-7D43-4101-A1F6-727FACB7FBA3}.Release|Any CPU.ActiveCfg = Release|x64
		{A373A883-7D43-4101-A1F6-727FACB7FBA3}.Release|Any CPU.Build.0 = Release|x64
		{A373A883-7D43-4101-A1F6-727FACB7FBA3}.Release|Any CPU.Deploy.0 = Release|x64
		{A373A883-7D43-4101-A1F6-727FACB7FBA3}.Release|ARM.ActiveCfg = Release|ARM
		{A373A883-7D43-4101-A1F6-727FACB7FBA3}.Release|ARM.Build.0 = Release|ARM
		{A373A883-7D43-4101-A1F6-727FACB7FBA3}.Release|ARM.Deploy.0 = Release|ARM
		{A373A883-7D43-4101-A1F6-727FACB7FBA3}.Release|iPhone.ActiveCfg = Release|x64
		{A373A883-7D43-4101-A1F6-727FACB7FBA3}.Release|iPhone.Build.0 = Release|x64
		{A373A883-7D43-4101-A1F6-727FACB7FBA3}.Release|iPhone.Deploy.0 = Release|x64
		{A373A883-7D43-4101-A1F6-727FACB7FBA3}.Release|iPhoneSimulator.ActiveCfg = Release|x64
		{A373A883-7D43-4101-A1F6-727FACB7FBA3}.Release|iPhoneSimulator.Build.0 = Release|x64
		{A373A883-7D43-4101-A1F6-727FACB7FBA3}.Release|iPhoneSimulator.Deploy.0 = Release|x64
		{A373A883-7D43-4101-A1F6-727FACB7FBA3}.Release|x64.ActiveCfg = Release|x64
		{A373A883-7D43-4101-A1F6-727FACB7FBA3}.Release|x64.Build.0 = Release|x64
		{A373A883-7D43-4101-A1F6-727FACB7FBA3}.Release|x64.Deploy.0 = Release|x64
		{A373A883-7D43-4101-A1F6-727FACB7FBA3}.Release|x86.ActiveCfg = Release|x86
		{A373A883-7D43-4101-A1F6-727FACB7FBA3}.Release|x86.Build.0 = Release|x86
		{A373A883-7D43-4101-A1F6-727FACB7FBA3}.Release|x86.Deploy.0 = Release|x86
		{CEAB8568-0E7B-414F-97FD-2D1716BB3D6A}.Debug|Any CPU.ActiveCfg = Debug|Any CPU
		{CEAB8568-0E7B-414F-97FD-2D1716BB3D6A}.Debug|Any CPU.Build.0 = Debug|Any CPU
		{CEAB8568-0E7B-414F-97FD-2D1716BB3D6A}.Debug|Any CPU.Deploy.0 = Debug|Any CPU
		{CEAB8568-0E7B-414F-97FD-2D1716BB3D6A}.Debug|ARM.ActiveCfg = Debug|Any CPU
		{CEAB8568-0E7B-414F-97FD-2D1716BB3D6A}.Debug|ARM.Build.0 = Debug|Any CPU
		{CEAB8568-0E7B-414F-97FD-2D1716BB3D6A}.Debug|ARM.Deploy.0 = Debug|Any CPU
		{CEAB8568-0E7B-414F-97FD-2D1716BB3D6A}.Debug|iPhone.ActiveCfg = Debug|Any CPU
		{CEAB8568-0E7B-414F-97FD-2D1716BB3D6A}.Debug|iPhone.Build.0 = Debug|Any CPU
		{CEAB8568-0E7B-414F-97FD-2D1716BB3D6A}.Debug|iPhone.Deploy.0 = Debug|Any CPU
		{CEAB8568-0E7B-414F-97FD-2D1716BB3D6A}.Debug|iPhoneSimulator.ActiveCfg = Debug|Any CPU
		{CEAB8568-0E7B-414F-97FD-2D1716BB3D6A}.Debug|iPhoneSimulator.Build.0 = Debug|Any CPU
		{CEAB8568-0E7B-414F-97FD-2D1716BB3D6A}.Debug|iPhoneSimulator.Deploy.0 = Debug|Any CPU
		{CEAB8568-0E7B-414F-97FD-2D1716BB3D6A}.Debug|x64.ActiveCfg = Debug|Any CPU
		{CEAB8568-0E7B-414F-97FD-2D1716BB3D6A}.Debug|x64.Build.0 = Debug|Any CPU
		{CEAB8568-0E7B-414F-97FD-2D1716BB3D6A}.Debug|x64.Deploy.0 = Debug|Any CPU
		{CEAB8568-0E7B-414F-97FD-2D1716BB3D6A}.Debug|x86.ActiveCfg = Debug|Any CPU
		{CEAB8568-0E7B-414F-97FD-2D1716BB3D6A}.Debug|x86.Build.0 = Debug|Any CPU
		{CEAB8568-0E7B-414F-97FD-2D1716BB3D6A}.Debug|x86.Deploy.0 = Debug|Any CPU
		{CEAB8568-0E7B-414F-97FD-2D1716BB3D6A}.Release|Any CPU.ActiveCfg = Release|Any CPU
		{CEAB8568-0E7B-414F-97FD-2D1716BB3D6A}.Release|Any CPU.Build.0 = Release|Any CPU
		{CEAB8568-0E7B-414F-97FD-2D1716BB3D6A}.Release|Any CPU.Deploy.0 = Release|Any CPU
		{CEAB8568-0E7B-414F-97FD-2D1716BB3D6A}.Release|ARM.ActiveCfg = Release|Any CPU
		{CEAB8568-0E7B-414F-97FD-2D1716BB3D6A}.Release|ARM.Build.0 = Release|Any CPU
		{CEAB8568-0E7B-414F-97FD-2D1716BB3D6A}.Release|ARM.Deploy.0 = Release|Any CPU
		{CEAB8568-0E7B-414F-97FD-2D1716BB3D6A}.Release|iPhone.ActiveCfg = Release|Any CPU
		{CEAB8568-0E7B-414F-97FD-2D1716BB3D6A}.Release|iPhone.Build.0 = Release|Any CPU
		{CEAB8568-0E7B-414F-97FD-2D1716BB3D6A}.Release|iPhone.Deploy.0 = Release|Any CPU
		{CEAB8568-0E7B-414F-97FD-2D1716BB3D6A}.Release|iPhoneSimulator.ActiveCfg = Release|Any CPU
		{CEAB8568-0E7B-414F-97FD-2D1716BB3D6A}.Release|iPhoneSimulator.Build.0 = Release|Any CPU
		{CEAB8568-0E7B-414F-97FD-2D1716BB3D6A}.Release|iPhoneSimulator.Deploy.0 = Release|Any CPU
		{CEAB8568-0E7B-414F-97FD-2D1716BB3D6A}.Release|x64.ActiveCfg = Release|Any CPU
		{CEAB8568-0E7B-414F-97FD-2D1716BB3D6A}.Release|x64.Build.0 = Release|Any CPU
		{CEAB8568-0E7B-414F-97FD-2D1716BB3D6A}.Release|x64.Deploy.0 = Release|Any CPU
		{CEAB8568-0E7B-414F-97FD-2D1716BB3D6A}.Release|x86.ActiveCfg = Release|Any CPU
		{CEAB8568-0E7B-414F-97FD-2D1716BB3D6A}.Release|x86.Build.0 = Release|Any CPU
		{CEAB8568-0E7B-414F-97FD-2D1716BB3D6A}.Release|x86.Deploy.0 = Release|Any CPU
		{FE3041A4-9616-4A4D-B8EF-012950201458}.Debug|Any CPU.ActiveCfg = Debug|iPhoneSimulator
		{FE3041A4-9616-4A4D-B8EF-012950201458}.Debug|Any CPU.Build.0 = Debug|iPhoneSimulator
		{FE3041A4-9616-4A4D-B8EF-012950201458}.Debug|Any CPU.Deploy.0 = Debug|iPhoneSimulator
		{FE3041A4-9616-4A4D-B8EF-012950201458}.Debug|ARM.ActiveCfg = Debug|iPhoneSimulator
		{FE3041A4-9616-4A4D-B8EF-012950201458}.Debug|ARM.Build.0 = Debug|iPhoneSimulator
		{FE3041A4-9616-4A4D-B8EF-012950201458}.Debug|ARM.Deploy.0 = Debug|iPhoneSimulator
		{FE3041A4-9616-4A4D-B8EF-012950201458}.Debug|iPhone.ActiveCfg = Debug|iPhone
		{FE3041A4-9616-4A4D-B8EF-012950201458}.Debug|iPhone.Build.0 = Debug|iPhone
		{FE3041A4-9616-4A4D-B8EF-012950201458}.Debug|iPhone.Deploy.0 = Debug|iPhone
		{FE3041A4-9616-4A4D-B8EF-012950201458}.Debug|iPhoneSimulator.ActiveCfg = Debug|iPhoneSimulator
		{FE3041A4-9616-4A4D-B8EF-012950201458}.Debug|iPhoneSimulator.Build.0 = Debug|iPhoneSimulator
		{FE3041A4-9616-4A4D-B8EF-012950201458}.Debug|iPhoneSimulator.Deploy.0 = Debug|iPhoneSimulator
		{FE3041A4-9616-4A4D-B8EF-012950201458}.Debug|x64.ActiveCfg = Debug|iPhone
		{FE3041A4-9616-4A4D-B8EF-012950201458}.Debug|x64.Build.0 = Debug|iPhone
		{FE3041A4-9616-4A4D-B8EF-012950201458}.Debug|x64.Deploy.0 = Debug|iPhone
		{FE3041A4-9616-4A4D-B8EF-012950201458}.Debug|x86.ActiveCfg = Debug|iPhoneSimulator
		{FE3041A4-9616-4A4D-B8EF-012950201458}.Debug|x86.Build.0 = Debug|iPhoneSimulator
		{FE3041A4-9616-4A4D-B8EF-012950201458}.Debug|x86.Deploy.0 = Debug|iPhoneSimulator
		{FE3041A4-9616-4A4D-B8EF-012950201458}.Release|Any CPU.ActiveCfg = Release|iPhoneSimulator
		{FE3041A4-9616-4A4D-B8EF-012950201458}.Release|Any CPU.Build.0 = Release|iPhoneSimulator
		{FE3041A4-9616-4A4D-B8EF-012950201458}.Release|Any CPU.Deploy.0 = Release|iPhoneSimulator
		{FE3041A4-9616-4A4D-B8EF-012950201458}.Release|ARM.ActiveCfg = Release|iPhoneSimulator
		{FE3041A4-9616-4A4D-B8EF-012950201458}.Release|ARM.Build.0 = Release|iPhoneSimulator
		{FE3041A4-9616-4A4D-B8EF-012950201458}.Release|ARM.Deploy.0 = Release|iPhoneSimulator
		{FE3041A4-9616-4A4D-B8EF-012950201458}.Release|iPhone.ActiveCfg = Release|iPhone
		{FE3041A4-9616-4A4D-B8EF-012950201458}.Release|iPhone.Build.0 = Release|iPhone
		{FE3041A4-9616-4A4D-B8EF-012950201458}.Release|iPhone.Deploy.0 = Release|iPhone
		{FE3041A4-9616-4A4D-B8EF-012950201458}.Release|iPhoneSimulator.ActiveCfg = Release|iPhoneSimulator
		{FE3041A4-9616-4A4D-B8EF-012950201458}.Release|iPhoneSimulator.Build.0 = Release|iPhoneSimulator
		{FE3041A4-9616-4A4D-B8EF-012950201458}.Release|iPhoneSimulator.Deploy.0 = Release|iPhoneSimulator
		{FE3041A4-9616-4A4D-B8EF-012950201458}.Release|x64.ActiveCfg = Release|iPhoneSimulator
		{FE3041A4-9616-4A4D-B8EF-012950201458}.Release|x64.Build.0 = Release|iPhoneSimulator
		{FE3041A4-9616-4A4D-B8EF-012950201458}.Release|x64.Deploy.0 = Release|iPhoneSimulator
		{FE3041A4-9616-4A4D-B8EF-012950201458}.Release|x86.ActiveCfg = Release|iPhoneSimulator
		{FE3041A4-9616-4A4D-B8EF-012950201458}.Release|x86.Build.0 = Release|iPhoneSimulator
		{FE3041A4-9616-4A4D-B8EF-012950201458}.Release|x86.Deploy.0 = Release|iPhoneSimulator
		{D7978CA7-7B54-42E5-A818-8B3F33314ACE}.Debug|Any CPU.ActiveCfg = Debug|Any CPU
		{D7978CA7-7B54-42E5-A818-8B3F33314ACE}.Debug|Any CPU.Build.0 = Debug|Any CPU
		{D7978CA7-7B54-42E5-A818-8B3F33314ACE}.Debug|Any CPU.Deploy.0 = Debug|Any CPU
		{D7978CA7-7B54-42E5-A818-8B3F33314ACE}.Debug|ARM.ActiveCfg = Debug|Any CPU
		{D7978CA7-7B54-42E5-A818-8B3F33314ACE}.Debug|ARM.Build.0 = Debug|Any CPU
		{D7978CA7-7B54-42E5-A818-8B3F33314ACE}.Debug|ARM.Deploy.0 = Debug|Any CPU
		{D7978CA7-7B54-42E5-A818-8B3F33314ACE}.Debug|iPhone.ActiveCfg = Debug|Any CPU
		{D7978CA7-7B54-42E5-A818-8B3F33314ACE}.Debug|iPhone.Build.0 = Debug|Any CPU
		{D7978CA7-7B54-42E5-A818-8B3F33314ACE}.Debug|iPhone.Deploy.0 = Debug|Any CPU
		{D7978CA7-7B54-42E5-A818-8B3F33314ACE}.Debug|iPhoneSimulator.ActiveCfg = Debug|Any CPU
		{D7978CA7-7B54-42E5-A818-8B3F33314ACE}.Debug|iPhoneSimulator.Build.0 = Debug|Any CPU
		{D7978CA7-7B54-42E5-A818-8B3F33314ACE}.Debug|iPhoneSimulator.Deploy.0 = Debug|Any CPU
		{D7978CA7-7B54-42E5-A818-8B3F33314ACE}.Debug|x64.ActiveCfg = Debug|Any CPU
		{D7978CA7-7B54-42E5-A818-8B3F33314ACE}.Debug|x64.Build.0 = Debug|Any CPU
		{D7978CA7-7B54-42E5-A818-8B3F33314ACE}.Debug|x64.Deploy.0 = Debug|Any CPU
		{D7978CA7-7B54-42E5-A818-8B3F33314ACE}.Debug|x86.ActiveCfg = Debug|Any CPU
		{D7978CA7-7B54-42E5-A818-8B3F33314ACE}.Debug|x86.Build.0 = Debug|Any CPU
		{D7978CA7-7B54-42E5-A818-8B3F33314ACE}.Debug|x86.Deploy.0 = Debug|Any CPU
		{D7978CA7-7B54-42E5-A818-8B3F33314ACE}.Release|Any CPU.ActiveCfg = Release|Any CPU
		{D7978CA7-7B54-42E5-A818-8B3F33314ACE}.Release|Any CPU.Build.0 = Release|Any CPU
		{D7978CA7-7B54-42E5-A818-8B3F33314ACE}.Release|Any CPU.Deploy.0 = Release|Any CPU
		{D7978CA7-7B54-42E5-A818-8B3F33314ACE}.Release|ARM.ActiveCfg = Release|Any CPU
		{D7978CA7-7B54-42E5-A818-8B3F33314ACE}.Release|ARM.Build.0 = Release|Any CPU
		{D7978CA7-7B54-42E5-A818-8B3F33314ACE}.Release|ARM.Deploy.0 = Release|Any CPU
		{D7978CA7-7B54-42E5-A818-8B3F33314ACE}.Release|iPhone.ActiveCfg = Release|Any CPU
		{D7978CA7-7B54-42E5-A818-8B3F33314ACE}.Release|iPhone.Build.0 = Release|Any CPU
		{D7978CA7-7B54-42E5-A818-8B3F33314ACE}.Release|iPhone.Deploy.0 = Release|Any CPU
		{D7978CA7-7B54-42E5-A818-8B3F33314ACE}.Release|iPhoneSimulator.ActiveCfg = Release|Any CPU
		{D7978CA7-7B54-42E5-A818-8B3F33314ACE}.Release|iPhoneSimulator.Build.0 = Release|Any CPU
		{D7978CA7-7B54-42E5-A818-8B3F33314ACE}.Release|iPhoneSimulator.Deploy.0 = Release|Any CPU
		{D7978CA7-7B54-42E5-A818-8B3F33314ACE}.Release|x64.ActiveCfg = Release|Any CPU
		{D7978CA7-7B54-42E5-A818-8B3F33314ACE}.Release|x64.Build.0 = Release|Any CPU
		{D7978CA7-7B54-42E5-A818-8B3F33314ACE}.Release|x64.Deploy.0 = Release|Any CPU
		{D7978CA7-7B54-42E5-A818-8B3F33314ACE}.Release|x86.ActiveCfg = Release|Any CPU
		{D7978CA7-7B54-42E5-A818-8B3F33314ACE}.Release|x86.Build.0 = Release|Any CPU
		{D7978CA7-7B54-42E5-A818-8B3F33314ACE}.Release|x86.Deploy.0 = Release|Any CPU
	EndGlobalSection
	GlobalSection(SolutionProperties) = preSolution
		HideSolutionNode = FALSE
	EndGlobalSection
	GlobalSection(ExtensibilityGlobals) = postSolution
		SolutionGuid = {9106EECB-1F9A-4B12-9400-CC601A02B07B}
	EndGlobalSection
EndGlobal
